
Microsoft Visual Studio Solution File, Format Version 10.00
# Visual Studio 2008
Project("{8BC9CEB8-8B4A-11D0-8D11-00A0C91BC942}") = "prog4", "prog4\prog4.vcproj", "{44D3F3AA-C77D-4503-98E4-DAA217DFE02C}"
EndProject
Global
	GlobalSection(SolutionConfigurationPlatforms) = preSolution
		Debug|Win32 = Debug|Win32
		Release|Win32 = Release|Win32
	EndGlobalSection
	GlobalSection(ProjectConfigurationPlatforms) = postSolution
		{44D3F3AA-C77D-4503-98E4-DAA217DFE02C}.Debug|Win32.ActiveCfg = Debug|Win32
		{44D3F3AA-C77D-4503-98E4-DAA217DFE02C}.Debug|Win32.Build.0 = Debug|Win32
		{44D3F3AA-C77D-4503-98E4-DAA217DFE02C}.Release|Win32.ActiveCfg = Release|Win32
		{44D3F3AA-C77D-4503-98E4-DAA217DFE02C}.Release|Win32.Build.0 = Release|Win32
	EndGlobalSection
	GlobalSection(SolutionProperties) = preSolution
		HideSolutionNode = FALSE
	EndGlobalSection
EndGlobal
